// !$*UTF8*$!
{
	archiveVersion = 1;
	classes = {
	};
	objectVersion = 46;
	objects = {

/* Begin PBXBuildFile section */
		00E356F31AD99517003FC87E /* XinChaoTests.m in Sources */ = {isa = PBXBuildFile; fileRef = 00E356F21AD99517003FC87E /* XinChaoTests.m */; };
		13B07FBC1A68108700A75B9A /* AppDelegate.m in Sources */ = {isa = PBXBuildFile; fileRef = 13B07FB01A68108700A75B9A /* AppDelegate.m */; };
		13B07FBF1A68108700A75B9A /* Images.xcassets in Resources */ = {isa = PBXBuildFile; fileRef = 13B07FB51A68108700A75B9A /* Images.xcassets */; };
		13B07FC11A68108700A75B9A /* main.m in Sources */ = {isa = PBXBuildFile; fileRef = 13B07FB71A68108700A75B9A /* main.m */; };
		2D02E4BC1E0B4A80006451C7 /* AppDelegate.m in Sources */ = {isa = PBXBuildFile; fileRef = 13B07FB01A68108700A75B9A /* AppDelegate.m */; };
		2D02E4BD1E0B4A84006451C7 /* Images.xcassets in Resources */ = {isa = PBXBuildFile; fileRef = 13B07FB51A68108700A75B9A /* Images.xcassets */; };
		2D02E4BF1E0B4AB3006451C7 /* main.m in Sources */ = {isa = PBXBuildFile; fileRef = 13B07FB71A68108700A75B9A /* main.m */; };
		2DCD954D1E0B4F2C00145EB5 /* XinChaoTests.m in Sources */ = {isa = PBXBuildFile; fileRef = 00E356F21AD99517003FC87E /* XinChaoTests.m */; };
		81AB9BB82411601600AC10FF /* LaunchScreen.storyboard in Resources */ = {isa = PBXBuildFile; fileRef = 81AB9BB72411601600AC10FF /* LaunchScreen.storyboard */; };
		EFC4E211C7CE4CA49625AABC /* AntDesign.ttf in Resources */ = {isa = PBXBuildFile; fileRef = B2D949151CE74D65BCAFB133 /* AntDesign.ttf */; };
		63C6C84321EB4EC39A1A963D /* Entypo.ttf in Resources */ = {isa = PBXBuildFile; fileRef = 4A4AF2E9069B4D90BB9F4D42 /* Entypo.ttf */; };
		5BDAFE13653F4A80B1C726C7 /* EvilIcons.ttf in Resources */ = {isa = PBXBuildFile; fileRef = 402C594E74B04E07ABCF2EA3 /* EvilIcons.ttf */; };
		8418CFF9CA6A47678FDC317E /* Feather.ttf in Resources */ = {isa = PBXBuildFile; fileRef = 56CE4565605A4C9B89D88FF1 /* Feather.ttf */; };
		1319EA2850BC42D293D89DBB /* FontAwesome.ttf in Resources */ = {isa = PBXBuildFile; fileRef = 1694583D1EA748119F5B5EA3 /* FontAwesome.ttf */; };
		A863C74250D24B68B89C1DF4 /* FontAwesome5_Brands.ttf in Resources */ = {isa = PBXBuildFile; fileRef = 103082382F9E42E5A4AA070F /* FontAwesome5_Brands.ttf */; };
		04B33314C84B4F16971D7084 /* FontAwesome5_Regular.ttf in Resources */ = {isa = PBXBuildFile; fileRef = 6D2C780CAE964181AB429820 /* FontAwesome5_Regular.ttf */; };
		9873AB65F1CF40EC96054BD7 /* FontAwesome5_Solid.ttf in Resources */ = {isa = PBXBuildFile; fileRef = 1B094DC869534A9DBAB4B59F /* FontAwesome5_Solid.ttf */; };
		9D28A03E7EB54FEC8D37D197 /* Fontisto.ttf in Resources */ = {isa = PBXBuildFile; fileRef = 8A18FAED4F484985BF789982 /* Fontisto.ttf */; };
		EC4676DA84894133BCF91952 /* Foundation.ttf in Resources */ = {isa = PBXBuildFile; fileRef = 82C7143EF3B648DA9695E1CA /* Foundation.ttf */; };
		EB0D7732006A4695AC3EF7C8 /* Ionicons.ttf in Resources */ = {isa = PBXBuildFile; fileRef = 2C6EEA6D760046AFA0BBEDD9 /* Ionicons.ttf */; };
		D0C9EA6DB65645398A6BF20A /* MaterialCommunityIcons.ttf in Resources */ = {isa = PBXBuildFile; fileRef = CB6F12D39AB84771A04E62E6 /* MaterialCommunityIcons.ttf */; };
		A48ACC9BC60F4E5BB8D5545E /* MaterialIcons.ttf in Resources */ = {isa = PBXBuildFile; fileRef = B70206981A514D90AF041FBB /* MaterialIcons.ttf */; };
		9EEE1AEF0E9F4F73BADD1860 /* Octicons.ttf in Resources */ = {isa = PBXBuildFile; fileRef = 9AA3DA6CA43F43DDA153978A /* Octicons.ttf */; };
		72805E5F6CAD42F8A3161936 /* SimpleLineIcons.ttf in Resources */ = {isa = PBXBuildFile; fileRef = 7CF169C284D64AE09F128B37 /* SimpleLineIcons.ttf */; };
		C7913DEF7CF841EC96B0F0C5 /* Zocial.ttf in Resources */ = {isa = PBXBuildFile; fileRef = 74B53F7ADD554C78A9604564 /* Zocial.ttf */; };
		8FE79FC05C634547847A7FC4 /* HKGrotesk-Black.otf in Resources */ = {isa = PBXBuildFile; fileRef = 4F8640A96C3147E6A9DBF333 /* HKGrotesk-Black.otf */; };
		FC73D19360584B4DB6F0E0C5 /* HKGrotesk-Bold.otf in Resources */ = {isa = PBXBuildFile; fileRef = AE4EE0525F6D4F14A69DA090 /* HKGrotesk-Bold.otf */; };
		0142F50944064DDAAEB14151 /* HKGrotesk-BoldItalic.otf in Resources */ = {isa = PBXBuildFile; fileRef = EEE8E93F7E7D4A2D914CFB47 /* HKGrotesk-BoldItalic.otf */; };
		A574A24CBE7841F08E157DEE /* HKGrotesk-BoldLegacy.otf in Resources */ = {isa = PBXBuildFile; fileRef = DDCC5DD3822E4BA88DDA58B0 /* HKGrotesk-BoldLegacy.otf */; };
		4BF2F550B33B40E782E0F756 /* HKGrotesk-BoldLegacyItalic.otf in Resources */ = {isa = PBXBuildFile; fileRef = 545D4A9757DE4B76B8E75539 /* HKGrotesk-BoldLegacyItalic.otf */; };
		1382C798189A4E3383A5A5AF /* HKGrotesk-ExtraBold.otf in Resources */ = {isa = PBXBuildFile; fileRef = 9C85ACC2CDE44D1D93FE0776 /* HKGrotesk-ExtraBold.otf */; };
		F5C4D54254AC464DA377D2F0 /* HKGrotesk-Italic.otf in Resources */ = {isa = PBXBuildFile; fileRef = 788FA6DEAAF042F29291598B /* HKGrotesk-Italic.otf */; };
		F68373094AB1481A9F12C331 /* HKGrotesk-LegacyItalic.otf in Resources */ = {isa = PBXBuildFile; fileRef = 2A63CD5A6E4C47DB8EBF46A9 /* HKGrotesk-LegacyItalic.otf */; };
		2FF87D4E26A546719C0DE7A6 /* HKGrotesk-Light.otf in Resources */ = {isa = PBXBuildFile; fileRef = 1AFEBB2C654E44ED96BF14C3 /* HKGrotesk-Light.otf */; };
		00FE1C74F98F485EBBD51609 /* HKGrotesk-LightItalic.otf in Resources */ = {isa = PBXBuildFile; fileRef = 742C04526C4E48208C843B0F /* HKGrotesk-LightItalic.otf */; };
		067A53A125DE4697A7F453E8 /* HKGrotesk-LightLegacy.otf in Resources */ = {isa = PBXBuildFile; fileRef = 99672314891C41E0ACF5AB2D /* HKGrotesk-LightLegacy.otf */; };
		362066C05AE743D0A75F503D /* HKGrotesk-LightLegacyItalic.otf in Resources */ = {isa = PBXBuildFile; fileRef = 6D2E938C1CB94273A06E1226 /* HKGrotesk-LightLegacyItalic.otf */; };
		B918E29E603D40EFA7611D3D /* HKGrotesk-Medium.otf in Resources */ = {isa = PBXBuildFile; fileRef = 098D1C5F66A34591BC3D96C2 /* HKGrotesk-Medium.otf */; };
		772DFFBC25E742519E4DC239 /* HKGrotesk-MediumItalic.otf in Resources */ = {isa = PBXBuildFile; fileRef = 45F5821C79674A31851B42D3 /* HKGrotesk-MediumItalic.otf */; };
		2EDA6D6F44594663A5F8D4FB /* HKGrotesk-MediumLegacy.otf in Resources */ = {isa = PBXBuildFile; fileRef = 075A35AA3D7D440597FFDF96 /* HKGrotesk-MediumLegacy.otf */; };
		A0C91D9DF5254599B87F8186 /* HKGrotesk-MediumLegacyItalic.otf in Resources */ = {isa = PBXBuildFile; fileRef = D3C28B0B187E4B1B9A6ABC79 /* HKGrotesk-MediumLegacyItalic.otf */; };
		9EE6645177B542AF98EB2C47 /* HKGrotesk-Regular.otf in Resources */ = {isa = PBXBuildFile; fileRef = A54495C416CB48E7903ECF6A /* HKGrotesk-Regular.otf */; };
		1D6C644CD34748BB9D20C80B /* HKGrotesk-RegularLegacy.otf in Resources */ = {isa = PBXBuildFile; fileRef = DF221B4F76CA41448495E5AD /* HKGrotesk-RegularLegacy.otf */; };
		6A8DA29FA9DE474298992F65 /* HKGrotesk-SemiBold.otf in Resources */ = {isa = PBXBuildFile; fileRef = D021F41531CA402EBB30B884 /* HKGrotesk-SemiBold.otf */; };
		D3FD1092C6FF43979C1032B4 /* HKGrotesk-SemiBoldItalic.otf in Resources */ = {isa = PBXBuildFile; fileRef = 8AB0498BAF444177AAB4BB70 /* HKGrotesk-SemiBoldItalic.otf */; };
		96899C4312B8413CA72AAD70 /* HKGrotesk-SemiBoldLegacy.otf in Resources */ = {isa = PBXBuildFile; fileRef = A6FDFA6C7C5D4B52BCD8D2ED /* HKGrotesk-SemiBoldLegacy.otf */; };
		651FA151C2E748A0A5CE75F8 /* HKGrotesk-SemiBoldLegacyItalic.otf in Resources */ = {isa = PBXBuildFile; fileRef = 053D6C22C75843DFAF6CC0E6 /* HKGrotesk-SemiBoldLegacyItalic.otf */; };
		7B4A65A5C5334B98A04D557C /* Lora-Bold.ttf in Resources */ = {isa = PBXBuildFile; fileRef = B9579B7B7C264EC8AD1283E2 /* Lora-Bold.ttf */; };
		FB0859ADB31049E1AB99AE88 /* Lora-BoldItalic.ttf in Resources */ = {isa = PBXBuildFile; fileRef = BC1D13088EE94A9E8346395A /* Lora-BoldItalic.ttf */; };
		20CA5EFEEBEF4B0892070014 /* Lora-Italic.ttf in Resources */ = {isa = PBXBuildFile; fileRef = EDBEFB20C77E4FEDBE703C07 /* Lora-Italic.ttf */; };
		4816C894F672492ABF4012A8 /* Lora-Medium.ttf in Resources */ = {isa = PBXBuildFile; fileRef = 42720E69CC6A4C77A1F03D64 /* Lora-Medium.ttf */; };
		B8389894BDFA445C93CC4BF9 /* Lora-MediumItalic.ttf in Resources */ = {isa = PBXBuildFile; fileRef = 0122FBD7EE24437183ED56FF /* Lora-MediumItalic.ttf */; };
		0947F5FD91FA4067BC8A467C /* Lora-Regular.ttf in Resources */ = {isa = PBXBuildFile; fileRef = BD3AEDDD2002440D87621A12 /* Lora-Regular.ttf */; };
		F55CD0A5FBB345538A7D9B62 /* Lora-SemiBold.ttf in Resources */ = {isa = PBXBuildFile; fileRef = FDED04489B60421C82EE27E8 /* Lora-SemiBold.ttf */; };
		E384EA80FEEE474BA012704D /* Lora-SemiBoldItalic.ttf in Resources */ = {isa = PBXBuildFile; fileRef = 62F0D2FA6A1B478DA93901DA /* Lora-SemiBoldItalic.ttf */; };
/* End PBXBuildFile section */

/* Begin PBXContainerItemProxy section */
		00E356F41AD99517003FC87E /* PBXContainerItemProxy */ = {
			isa = PBXContainerItemProxy;
			containerPortal = 83CBB9F71A601CBA00E9B192 /* Project object */;
			proxyType = 1;
			remoteGlobalIDString = 13B07F861A680F5B00A75B9A;
			remoteInfo = XinChao;
		};
		2D02E4911E0B4A5D006451C7 /* PBXContainerItemProxy */ = {
			isa = PBXContainerItemProxy;
			containerPortal = 83CBB9F71A601CBA00E9B192 /* Project object */;
			proxyType = 1;
			remoteGlobalIDString = 2D02E47A1E0B4A5D006451C7;
			remoteInfo = "XinChao-tvOS";
		};
/* End PBXContainerItemProxy section */

/* Begin PBXFileReference section */
		008F07F21AC5B25A0029DE68 /* main.jsbundle */ = {isa = PBXFileReference; fileEncoding = 4; lastKnownFileType = text; path = main.jsbundle; sourceTree = "<group>"; };
		00E356EE1AD99517003FC87E /* XinChaoTests.xctest */ = {isa = PBXFileReference; explicitFileType = wrapper.cfbundle; includeInIndex = 0; path = XinChaoTests.xctest; sourceTree = BUILT_PRODUCTS_DIR; };
		00E356F11AD99517003FC87E /* Info.plist */ = {isa = PBXFileReference; lastKnownFileType = text.plist.xml; path = Info.plist; sourceTree = "<group>"; };
		00E356F21AD99517003FC87E /* XinChaoTests.m */ = {isa = PBXFileReference; lastKnownFileType = sourcecode.c.objc; path = XinChaoTests.m; sourceTree = "<group>"; };
		13B07F961A680F5B00A75B9A /* XinChao.app */ = {isa = PBXFileReference; explicitFileType = wrapper.application; includeInIndex = 0; path = XinChao.app; sourceTree = BUILT_PRODUCTS_DIR; };
		13B07FAF1A68108700A75B9A /* AppDelegate.h */ = {isa = PBXFileReference; fileEncoding = 4; lastKnownFileType = sourcecode.c.h; name = AppDelegate.h; path = XinChao/AppDelegate.h; sourceTree = "<group>"; };
		13B07FB01A68108700A75B9A /* AppDelegate.m */ = {isa = PBXFileReference; fileEncoding = 4; lastKnownFileType = sourcecode.c.objc; name = AppDelegate.m; path = XinChao/AppDelegate.m; sourceTree = "<group>"; };
		13B07FB51A68108700A75B9A /* Images.xcassets */ = {isa = PBXFileReference; lastKnownFileType = folder.assetcatalog; name = Images.xcassets; path = XinChao/Images.xcassets; sourceTree = "<group>"; };
		13B07FB61A68108700A75B9A /* Info.plist */ = {isa = PBXFileReference; fileEncoding = 4; lastKnownFileType = text.plist.xml; name = Info.plist; path = XinChao/Info.plist; sourceTree = "<group>"; };
		13B07FB71A68108700A75B9A /* main.m */ = {isa = PBXFileReference; fileEncoding = 4; lastKnownFileType = sourcecode.c.objc; name = main.m; path = XinChao/main.m; sourceTree = "<group>"; };
		2D02E47B1E0B4A5D006451C7 /* XinChao-tvOS.app */ = {isa = PBXFileReference; explicitFileType = wrapper.application; includeInIndex = 0; path = "XinChao-tvOS.app"; sourceTree = BUILT_PRODUCTS_DIR; };
		2D02E4901E0B4A5D006451C7 /* XinChao-tvOSTests.xctest */ = {isa = PBXFileReference; explicitFileType = wrapper.cfbundle; includeInIndex = 0; path = "XinChao-tvOSTests.xctest"; sourceTree = BUILT_PRODUCTS_DIR; };
		81AB9BB72411601600AC10FF /* LaunchScreen.storyboard */ = {isa = PBXFileReference; fileEncoding = 4; lastKnownFileType = file.storyboard; name = LaunchScreen.storyboard; path = XinChao/LaunchScreen.storyboard; sourceTree = "<group>"; };
		ED297162215061F000B7C4FE /* JavaScriptCore.framework */ = {isa = PBXFileReference; lastKnownFileType = wrapper.framework; name = JavaScriptCore.framework; path = System/Library/Frameworks/JavaScriptCore.framework; sourceTree = SDKROOT; };
		ED2971642150620600B7C4FE /* JavaScriptCore.framework */ = {isa = PBXFileReference; lastKnownFileType = wrapper.framework; name = JavaScriptCore.framework; path = Platforms/AppleTVOS.platform/Developer/SDKs/AppleTVOS12.0.sdk/System/Library/Frameworks/JavaScriptCore.framework; sourceTree = DEVELOPER_DIR; };
		B2D949151CE74D65BCAFB133 /* AntDesign.ttf */ = {isa = PBXFileReference; name = "AntDesign.ttf"; path = "../node_modules/react-native-vector-icons/Fonts/AntDesign.ttf"; sourceTree = "<group>"; fileEncoding = undefined; lastKnownFileType = unknown; explicitFileType = undefined; includeInIndex = 0; };
		4A4AF2E9069B4D90BB9F4D42 /* Entypo.ttf */ = {isa = PBXFileReference; name = "Entypo.ttf"; path = "../node_modules/react-native-vector-icons/Fonts/Entypo.ttf"; sourceTree = "<group>"; fileEncoding = undefined; lastKnownFileType = unknown; explicitFileType = undefined; includeInIndex = 0; };
		402C594E74B04E07ABCF2EA3 /* EvilIcons.ttf */ = {isa = PBXFileReference; name = "EvilIcons.ttf"; path = "../node_modules/react-native-vector-icons/Fonts/EvilIcons.ttf"; sourceTree = "<group>"; fileEncoding = undefined; lastKnownFileType = unknown; explicitFileType = undefined; includeInIndex = 0; };
		56CE4565605A4C9B89D88FF1 /* Feather.ttf */ = {isa = PBXFileReference; name = "Feather.ttf"; path = "../node_modules/react-native-vector-icons/Fonts/Feather.ttf"; sourceTree = "<group>"; fileEncoding = undefined; lastKnownFileType = unknown; explicitFileType = undefined; includeInIndex = 0; };
		1694583D1EA748119F5B5EA3 /* FontAwesome.ttf */ = {isa = PBXFileReference; name = "FontAwesome.ttf"; path = "../node_modules/react-native-vector-icons/Fonts/FontAwesome.ttf"; sourceTree = "<group>"; fileEncoding = undefined; lastKnownFileType = unknown; explicitFileType = undefined; includeInIndex = 0; };
		103082382F9E42E5A4AA070F /* FontAwesome5_Brands.ttf */ = {isa = PBXFileReference; name = "FontAwesome5_Brands.ttf"; path = "../node_modules/react-native-vector-icons/Fonts/FontAwesome5_Brands.ttf"; sourceTree = "<group>"; fileEncoding = undefined; lastKnownFileType = unknown; explicitFileType = undefined; includeInIndex = 0; };
		6D2C780CAE964181AB429820 /* FontAwesome5_Regular.ttf */ = {isa = PBXFileReference; name = "FontAwesome5_Regular.ttf"; path = "../node_modules/react-native-vector-icons/Fonts/FontAwesome5_Regular.ttf"; sourceTree = "<group>"; fileEncoding = undefined; lastKnownFileType = unknown; explicitFileType = undefined; includeInIndex = 0; };
		1B094DC869534A9DBAB4B59F /* FontAwesome5_Solid.ttf */ = {isa = PBXFileReference; name = "FontAwesome5_Solid.ttf"; path = "../node_modules/react-native-vector-icons/Fonts/FontAwesome5_Solid.ttf"; sourceTree = "<group>"; fileEncoding = undefined; lastKnownFileType = unknown; explicitFileType = undefined; includeInIndex = 0; };
		8A18FAED4F484985BF789982 /* Fontisto.ttf */ = {isa = PBXFileReference; name = "Fontisto.ttf"; path = "../node_modules/react-native-vector-icons/Fonts/Fontisto.ttf"; sourceTree = "<group>"; fileEncoding = undefined; lastKnownFileType = unknown; explicitFileType = undefined; includeInIndex = 0; };
		82C7143EF3B648DA9695E1CA /* Foundation.ttf */ = {isa = PBXFileReference; name = "Foundation.ttf"; path = "../node_modules/react-native-vector-icons/Fonts/Foundation.ttf"; sourceTree = "<group>"; fileEncoding = undefined; lastKnownFileType = unknown; explicitFileType = undefined; includeInIndex = 0; };
		2C6EEA6D760046AFA0BBEDD9 /* Ionicons.ttf */ = {isa = PBXFileReference; name = "Ionicons.ttf"; path = "../node_modules/react-native-vector-icons/Fonts/Ionicons.ttf"; sourceTree = "<group>"; fileEncoding = undefined; lastKnownFileType = unknown; explicitFileType = undefined; includeInIndex = 0; };
		CB6F12D39AB84771A04E62E6 /* MaterialCommunityIcons.ttf */ = {isa = PBXFileReference; name = "MaterialCommunityIcons.ttf"; path = "../node_modules/react-native-vector-icons/Fonts/MaterialCommunityIcons.ttf"; sourceTree = "<group>"; fileEncoding = undefined; lastKnownFileType = unknown; explicitFileType = undefined; includeInIndex = 0; };
		B70206981A514D90AF041FBB /* MaterialIcons.ttf */ = {isa = PBXFileReference; name = "MaterialIcons.ttf"; path = "../node_modules/react-native-vector-icons/Fonts/MaterialIcons.ttf"; sourceTree = "<group>"; fileEncoding = undefined; lastKnownFileType = unknown; explicitFileType = undefined; includeInIndex = 0; };
		9AA3DA6CA43F43DDA153978A /* Octicons.ttf */ = {isa = PBXFileReference; name = "Octicons.ttf"; path = "../node_modules/react-native-vector-icons/Fonts/Octicons.ttf"; sourceTree = "<group>"; fileEncoding = undefined; lastKnownFileType = unknown; explicitFileType = undefined; includeInIndex = 0; };
		7CF169C284D64AE09F128B37 /* SimpleLineIcons.ttf */ = {isa = PBXFileReference; name = "SimpleLineIcons.ttf"; path = "../node_modules/react-native-vector-icons/Fonts/SimpleLineIcons.ttf"; sourceTree = "<group>"; fileEncoding = undefined; lastKnownFileType = unknown; explicitFileType = undefined; includeInIndex = 0; };
		74B53F7ADD554C78A9604564 /* Zocial.ttf */ = {isa = PBXFileReference; name = "Zocial.ttf"; path = "../node_modules/react-native-vector-icons/Fonts/Zocial.ttf"; sourceTree = "<group>"; fileEncoding = undefined; lastKnownFileType = unknown; explicitFileType = undefined; includeInIndex = 0; };
		4F8640A96C3147E6A9DBF333 /* HKGrotesk-Black.otf */ = {isa = PBXFileReference; name = "HKGrotesk-Black.otf"; path = "../src/assets/fonts/HKGrotesk-Black.otf"; sourceTree = "<group>"; fileEncoding = undefined; lastKnownFileType = unknown; explicitFileType = undefined; includeInIndex = 0; };
		AE4EE0525F6D4F14A69DA090 /* HKGrotesk-Bold.otf */ = {isa = PBXFileReference; name = "HKGrotesk-Bold.otf"; path = "../src/assets/fonts/HKGrotesk-Bold.otf"; sourceTree = "<group>"; fileEncoding = undefined; lastKnownFileType = unknown; explicitFileType = undefined; includeInIndex = 0; };
		EEE8E93F7E7D4A2D914CFB47 /* HKGrotesk-BoldItalic.otf */ = {isa = PBXFileReference; name = "HKGrotesk-BoldItalic.otf"; path = "../src/assets/fonts/HKGrotesk-BoldItalic.otf"; sourceTree = "<group>"; fileEncoding = undefined; lastKnownFileType = unknown; explicitFileType = undefined; includeInIndex = 0; };
		DDCC5DD3822E4BA88DDA58B0 /* HKGrotesk-BoldLegacy.otf */ = {isa = PBXFileReference; name = "HKGrotesk-BoldLegacy.otf"; path = "../src/assets/fonts/HKGrotesk-BoldLegacy.otf"; sourceTree = "<group>"; fileEncoding = undefined; lastKnownFileType = unknown; explicitFileType = undefined; includeInIndex = 0; };
		545D4A9757DE4B76B8E75539 /* HKGrotesk-BoldLegacyItalic.otf */ = {isa = PBXFileReference; name = "HKGrotesk-BoldLegacyItalic.otf"; path = "../src/assets/fonts/HKGrotesk-BoldLegacyItalic.otf"; sourceTree = "<group>"; fileEncoding = undefined; lastKnownFileType = unknown; explicitFileType = undefined; includeInIndex = 0; };
		9C85ACC2CDE44D1D93FE0776 /* HKGrotesk-ExtraBold.otf */ = {isa = PBXFileReference; name = "HKGrotesk-ExtraBold.otf"; path = "../src/assets/fonts/HKGrotesk-ExtraBold.otf"; sourceTree = "<group>"; fileEncoding = undefined; lastKnownFileType = unknown; explicitFileType = undefined; includeInIndex = 0; };
		788FA6DEAAF042F29291598B /* HKGrotesk-Italic.otf */ = {isa = PBXFileReference; name = "HKGrotesk-Italic.otf"; path = "../src/assets/fonts/HKGrotesk-Italic.otf"; sourceTree = "<group>"; fileEncoding = undefined; lastKnownFileType = unknown; explicitFileType = undefined; includeInIndex = 0; };
		2A63CD5A6E4C47DB8EBF46A9 /* HKGrotesk-LegacyItalic.otf */ = {isa = PBXFileReference; name = "HKGrotesk-LegacyItalic.otf"; path = "../src/assets/fonts/HKGrotesk-LegacyItalic.otf"; sourceTree = "<group>"; fileEncoding = undefined; lastKnownFileType = unknown; explicitFileType = undefined; includeInIndex = 0; };
		1AFEBB2C654E44ED96BF14C3 /* HKGrotesk-Light.otf */ = {isa = PBXFileReference; name = "HKGrotesk-Light.otf"; path = "../src/assets/fonts/HKGrotesk-Light.otf"; sourceTree = "<group>"; fileEncoding = undefined; lastKnownFileType = unknown; explicitFileType = undefined; includeInIndex = 0; };
		742C04526C4E48208C843B0F /* HKGrotesk-LightItalic.otf */ = {isa = PBXFileReference; name = "HKGrotesk-LightItalic.otf"; path = "../src/assets/fonts/HKGrotesk-LightItalic.otf"; sourceTree = "<group>"; fileEncoding = undefined; lastKnownFileType = unknown; explicitFileType = undefined; includeInIndex = 0; };
		99672314891C41E0ACF5AB2D /* HKGrotesk-LightLegacy.otf */ = {isa = PBXFileReference; name = "HKGrotesk-LightLegacy.otf"; path = "../src/assets/fonts/HKGrotesk-LightLegacy.otf"; sourceTree = "<group>"; fileEncoding = undefined; lastKnownFileType = unknown; explicitFileType = undefined; includeInIndex = 0; };
		6D2E938C1CB94273A06E1226 /* HKGrotesk-LightLegacyItalic.otf */ = {isa = PBXFileReference; name = "HKGrotesk-LightLegacyItalic.otf"; path = "../src/assets/fonts/HKGrotesk-LightLegacyItalic.otf"; sourceTree = "<group>"; fileEncoding = undefined; lastKnownFileType = unknown; explicitFileType = undefined; includeInIndex = 0; };
		098D1C5F66A34591BC3D96C2 /* HKGrotesk-Medium.otf */ = {isa = PBXFileReference; name = "HKGrotesk-Medium.otf"; path = "../src/assets/fonts/HKGrotesk-Medium.otf"; sourceTree = "<group>"; fileEncoding = undefined; lastKnownFileType = unknown; explicitFileType = undefined; includeInIndex = 0; };
		45F5821C79674A31851B42D3 /* HKGrotesk-MediumItalic.otf */ = {isa = PBXFileReference; name = "HKGrotesk-MediumItalic.otf"; path = "../src/assets/fonts/HKGrotesk-MediumItalic.otf"; sourceTree = "<group>"; fileEncoding = undefined; lastKnownFileType = unknown; explicitFileType = undefined; includeInIndex = 0; };
		075A35AA3D7D440597FFDF96 /* HKGrotesk-MediumLegacy.otf */ = {isa = PBXFileReference; name = "HKGrotesk-MediumLegacy.otf"; path = "../src/assets/fonts/HKGrotesk-MediumLegacy.otf"; sourceTree = "<group>"; fileEncoding = undefined; lastKnownFileType = unknown; explicitFileType = undefined; includeInIndex = 0; };
		D3C28B0B187E4B1B9A6ABC79 /* HKGrotesk-MediumLegacyItalic.otf */ = {isa = PBXFileReference; name = "HKGrotesk-MediumLegacyItalic.otf"; path = "../src/assets/fonts/HKGrotesk-MediumLegacyItalic.otf"; sourceTree = "<group>"; fileEncoding = undefined; lastKnownFileType = unknown; explicitFileType = undefined; includeInIndex = 0; };
		A54495C416CB48E7903ECF6A /* HKGrotesk-Regular.otf */ = {isa = PBXFileReference; name = "HKGrotesk-Regular.otf"; path = "../src/assets/fonts/HKGrotesk-Regular.otf"; sourceTree = "<group>"; fileEncoding = undefined; lastKnownFileType = unknown; explicitFileType = undefined; includeInIndex = 0; };
		DF221B4F76CA41448495E5AD /* HKGrotesk-RegularLegacy.otf */ = {isa = PBXFileReference; name = "HKGrotesk-RegularLegacy.otf"; path = "../src/assets/fonts/HKGrotesk-RegularLegacy.otf"; sourceTree = "<group>"; fileEncoding = undefined; lastKnownFileType = unknown; explicitFileType = undefined; includeInIndex = 0; };
		D021F41531CA402EBB30B884 /* HKGrotesk-SemiBold.otf */ = {isa = PBXFileReference; name = "HKGrotesk-SemiBold.otf"; path = "../src/assets/fonts/HKGrotesk-SemiBold.otf"; sourceTree = "<group>"; fileEncoding = undefined; lastKnownFileType = unknown; explicitFileType = undefined; includeInIndex = 0; };
		8AB0498BAF444177AAB4BB70 /* HKGrotesk-SemiBoldItalic.otf */ = {isa = PBXFileReference; name = "HKGrotesk-SemiBoldItalic.otf"; path = "../src/assets/fonts/HKGrotesk-SemiBoldItalic.otf"; sourceTree = "<group>"; fileEncoding = undefined; lastKnownFileType = unknown; explicitFileType = undefined; includeInIndex = 0; };
		A6FDFA6C7C5D4B52BCD8D2ED /* HKGrotesk-SemiBoldLegacy.otf */ = {isa = PBXFileReference; name = "HKGrotesk-SemiBoldLegacy.otf"; path = "../src/assets/fonts/HKGrotesk-SemiBoldLegacy.otf"; sourceTree = "<group>"; fileEncoding = undefined; lastKnownFileType = unknown; explicitFileType = undefined; includeInIndex = 0; };
		053D6C22C75843DFAF6CC0E6 /* HKGrotesk-SemiBoldLegacyItalic.otf */ = {isa = PBXFileReference; name = "HKGrotesk-SemiBoldLegacyItalic.otf"; path = "../src/assets/fonts/HKGrotesk-SemiBoldLegacyItalic.otf"; sourceTree = "<group>"; fileEncoding = undefined; lastKnownFileType = unknown; explicitFileType = undefined; includeInIndex = 0; };
		B9579B7B7C264EC8AD1283E2 /* Lora-Bold.ttf */ = {isa = PBXFileReference; name = "Lora-Bold.ttf"; path = "../src/assets/fonts/Lora-Bold.ttf"; sourceTree = "<group>"; fileEncoding = undefined; lastKnownFileType = unknown; explicitFileType = undefined; includeInIndex = 0; };
		BC1D13088EE94A9E8346395A /* Lora-BoldItalic.ttf */ = {isa = PBXFileReference; name = "Lora-BoldItalic.ttf"; path = "../src/assets/fonts/Lora-BoldItalic.ttf"; sourceTree = "<group>"; fileEncoding = undefined; lastKnownFileType = unknown; explicitFileType = undefined; includeInIndex = 0; };
		EDBEFB20C77E4FEDBE703C07 /* Lora-Italic.ttf */ = {isa = PBXFileReference; name = "Lora-Italic.ttf"; path = "../src/assets/fonts/Lora-Italic.ttf"; sourceTree = "<group>"; fileEncoding = undefined; lastKnownFileType = unknown; explicitFileType = undefined; includeInIndex = 0; };
		42720E69CC6A4C77A1F03D64 /* Lora-Medium.ttf */ = {isa = PBXFileReference; name = "Lora-Medium.ttf"; path = "../src/assets/fonts/Lora-Medium.ttf"; sourceTree = "<group>"; fileEncoding = undefined; lastKnownFileType = unknown; explicitFileType = undefined; includeInIndex = 0; };
		0122FBD7EE24437183ED56FF /* Lora-MediumItalic.ttf */ = {isa = PBXFileReference; name = "Lora-MediumItalic.ttf"; path = "../src/assets/fonts/Lora-MediumItalic.ttf"; sourceTree = "<group>"; fileEncoding = undefined; lastKnownFileType = unknown; explicitFileType = undefined; includeInIndex = 0; };
		BD3AEDDD2002440D87621A12 /* Lora-Regular.ttf */ = {isa = PBXFileReference; name = "Lora-Regular.ttf"; path = "../src/assets/fonts/Lora-Regular.ttf"; sourceTree = "<group>"; fileEncoding = undefined; lastKnownFileType = unknown; explicitFileType = undefined; includeInIndex = 0; };
		FDED04489B60421C82EE27E8 /* Lora-SemiBold.ttf */ = {isa = PBXFileReference; name = "Lora-SemiBold.ttf"; path = "../src/assets/fonts/Lora-SemiBold.ttf"; sourceTree = "<group>"; fileEncoding = undefined; lastKnownFileType = unknown; explicitFileType = undefined; includeInIndex = 0; };
		62F0D2FA6A1B478DA93901DA /* Lora-SemiBoldItalic.ttf */ = {isa = PBXFileReference; name = "Lora-SemiBoldItalic.ttf"; path = "../src/assets/fonts/Lora-SemiBoldItalic.ttf"; sourceTree = "<group>"; fileEncoding = undefined; lastKnownFileType = unknown; explicitFileType = undefined; includeInIndex = 0; };
/* End PBXFileReference section */

/* Begin PBXFrameworksBuildPhase section */
		00E356EB1AD99517003FC87E /* Frameworks */ = {
			isa = PBXFrameworksBuildPhase;
			buildActionMask = 2147483647;
			files = (
			);
			runOnlyForDeploymentPostprocessing = 0;
		};
		13B07F8C1A680F5B00A75B9A /* Frameworks */ = {
			isa = PBXFrameworksBuildPhase;
			buildActionMask = 2147483647;
			files = (
			);
			runOnlyForDeploymentPostprocessing = 0;
		};
		2D02E4781E0B4A5D006451C7 /* Frameworks */ = {
			isa = PBXFrameworksBuildPhase;
			buildActionMask = 2147483647;
			files = (
			);
			runOnlyForDeploymentPostprocessing = 0;
		};
		2D02E48D1E0B4A5D006451C7 /* Frameworks */ = {
			isa = PBXFrameworksBuildPhase;
			buildActionMask = 2147483647;
			files = (
			);
			runOnlyForDeploymentPostprocessing = 0;
		};
/* End PBXFrameworksBuildPhase section */

/* Begin PBXGroup section */
		00E356EF1AD99517003FC87E /* XinChaoTests */ = {
			isa = PBXGroup;
			children = (
				00E356F21AD99517003FC87E /* XinChaoTests.m */,
				00E356F01AD99517003FC87E /* Supporting Files */,
			);
			path = XinChaoTests;
			sourceTree = "<group>";
		};
		00E356F01AD99517003FC87E /* Supporting Files */ = {
			isa = PBXGroup;
			children = (
				00E356F11AD99517003FC87E /* Info.plist */,
			);
			name = "Supporting Files";
			sourceTree = "<group>";
		};
		13B07FAE1A68108700A75B9A /* XinChao */ = {
			isa = PBXGroup;
			children = (
				008F07F21AC5B25A0029DE68 /* main.jsbundle */,
				13B07FAF1A68108700A75B9A /* AppDelegate.h */,
				13B07FB01A68108700A75B9A /* AppDelegate.m */,
				13B07FB51A68108700A75B9A /* Images.xcassets */,
				13B07FB61A68108700A75B9A /* Info.plist */,
				81AB9BB72411601600AC10FF /* LaunchScreen.storyboard */,
				13B07FB71A68108700A75B9A /* main.m */,
			);
			name = XinChao;
			sourceTree = "<group>";
		};
		2D16E6871FA4F8E400B85C8A /* Frameworks */ = {
			isa = PBXGroup;
			children = (
				ED297162215061F000B7C4FE /* JavaScriptCore.framework */,
				ED2971642150620600B7C4FE /* JavaScriptCore.framework */,
			);
			name = Frameworks;
			sourceTree = "<group>";
		};
		832341AE1AAA6A7D00B99B32 /* Libraries */ = {
			isa = PBXGroup;
			children = (
			);
			name = Libraries;
			sourceTree = "<group>";
		};
		83CBB9F61A601CBA00E9B192 = {
			isa = PBXGroup;
			children = (
				13B07FAE1A68108700A75B9A /* XinChao */,
				832341AE1AAA6A7D00B99B32 /* Libraries */,
				00E356EF1AD99517003FC87E /* XinChaoTests */,
				83CBBA001A601CBA00E9B192 /* Products */,
				2D16E6871FA4F8E400B85C8A /* Frameworks */,
				5F0318CCC79F4FE9843E0560 /* Resources */,
			);
			indentWidth = 2;
			sourceTree = "<group>";
			tabWidth = 2;
			usesTabs = 0;
		};
		83CBBA001A601CBA00E9B192 /* Products */ = {
			isa = PBXGroup;
			children = (
				13B07F961A680F5B00A75B9A /* XinChao.app */,
				00E356EE1AD99517003FC87E /* XinChaoTests.xctest */,
				2D02E47B1E0B4A5D006451C7 /* XinChao-tvOS.app */,
				2D02E4901E0B4A5D006451C7 /* XinChao-tvOSTests.xctest */,
			);
			name = Products;
			sourceTree = "<group>";
		};
		5F0318CCC79F4FE9843E0560 /* Resources */ = {
			isa = "PBXGroup";
			children = (
				B2D949151CE74D65BCAFB133 /* AntDesign.ttf */,
				4A4AF2E9069B4D90BB9F4D42 /* Entypo.ttf */,
				402C594E74B04E07ABCF2EA3 /* EvilIcons.ttf */,
				56CE4565605A4C9B89D88FF1 /* Feather.ttf */,
				1694583D1EA748119F5B5EA3 /* FontAwesome.ttf */,
				103082382F9E42E5A4AA070F /* FontAwesome5_Brands.ttf */,
				6D2C780CAE964181AB429820 /* FontAwesome5_Regular.ttf */,
				1B094DC869534A9DBAB4B59F /* FontAwesome5_Solid.ttf */,
				8A18FAED4F484985BF789982 /* Fontisto.ttf */,
				82C7143EF3B648DA9695E1CA /* Foundation.ttf */,
				2C6EEA6D760046AFA0BBEDD9 /* Ionicons.ttf */,
				CB6F12D39AB84771A04E62E6 /* MaterialCommunityIcons.ttf */,
				B70206981A514D90AF041FBB /* MaterialIcons.ttf */,
				9AA3DA6CA43F43DDA153978A /* Octicons.ttf */,
				7CF169C284D64AE09F128B37 /* SimpleLineIcons.ttf */,
				74B53F7ADD554C78A9604564 /* Zocial.ttf */,
				4F8640A96C3147E6A9DBF333 /* HKGrotesk-Black.otf */,
				AE4EE0525F6D4F14A69DA090 /* HKGrotesk-Bold.otf */,
				EEE8E93F7E7D4A2D914CFB47 /* HKGrotesk-BoldItalic.otf */,
				DDCC5DD3822E4BA88DDA58B0 /* HKGrotesk-BoldLegacy.otf */,
				545D4A9757DE4B76B8E75539 /* HKGrotesk-BoldLegacyItalic.otf */,
				9C85ACC2CDE44D1D93FE0776 /* HKGrotesk-ExtraBold.otf */,
				788FA6DEAAF042F29291598B /* HKGrotesk-Italic.otf */,
				2A63CD5A6E4C47DB8EBF46A9 /* HKGrotesk-LegacyItalic.otf */,
				1AFEBB2C654E44ED96BF14C3 /* HKGrotesk-Light.otf */,
				742C04526C4E48208C843B0F /* HKGrotesk-LightItalic.otf */,
				99672314891C41E0ACF5AB2D /* HKGrotesk-LightLegacy.otf */,
				6D2E938C1CB94273A06E1226 /* HKGrotesk-LightLegacyItalic.otf */,
				098D1C5F66A34591BC3D96C2 /* HKGrotesk-Medium.otf */,
				45F5821C79674A31851B42D3 /* HKGrotesk-MediumItalic.otf */,
				075A35AA3D7D440597FFDF96 /* HKGrotesk-MediumLegacy.otf */,
				D3C28B0B187E4B1B9A6ABC79 /* HKGrotesk-MediumLegacyItalic.otf */,
				A54495C416CB48E7903ECF6A /* HKGrotesk-Regular.otf */,
				DF221B4F76CA41448495E5AD /* HKGrotesk-RegularLegacy.otf */,
				D021F41531CA402EBB30B884 /* HKGrotesk-SemiBold.otf */,
				8AB0498BAF444177AAB4BB70 /* HKGrotesk-SemiBoldItalic.otf */,
				A6FDFA6C7C5D4B52BCD8D2ED /* HKGrotesk-SemiBoldLegacy.otf */,
				053D6C22C75843DFAF6CC0E6 /* HKGrotesk-SemiBoldLegacyItalic.otf */,
				B9579B7B7C264EC8AD1283E2 /* Lora-Bold.ttf */,
				BC1D13088EE94A9E8346395A /* Lora-BoldItalic.ttf */,
				EDBEFB20C77E4FEDBE703C07 /* Lora-Italic.ttf */,
				42720E69CC6A4C77A1F03D64 /* Lora-Medium.ttf */,
				0122FBD7EE24437183ED56FF /* Lora-MediumItalic.ttf */,
				BD3AEDDD2002440D87621A12 /* Lora-Regular.ttf */,
				FDED04489B60421C82EE27E8 /* Lora-SemiBold.ttf */,
				62F0D2FA6A1B478DA93901DA /* Lora-SemiBoldItalic.ttf */,
			);
			name = Resources;
			sourceTree = "<group>";
			path = "";
		};
/* End PBXGroup section */

/* Begin PBXNativeTarget section */
		00E356ED1AD99517003FC87E /* XinChaoTests */ = {
			isa = PBXNativeTarget;
			buildConfigurationList = 00E357021AD99517003FC87E /* Build configuration list for PBXNativeTarget "XinChaoTests" */;
			buildPhases = (
				00E356EA1AD99517003FC87E /* Sources */,
				00E356EB1AD99517003FC87E /* Frameworks */,
				00E356EC1AD99517003FC87E /* Resources */,
			);
			buildRules = (
			);
			dependencies = (
				00E356F51AD99517003FC87E /* PBXTargetDependency */,
			);
			name = XinChaoTests;
			productName = XinChaoTests;
			productReference = 00E356EE1AD99517003FC87E /* XinChaoTests.xctest */;
			productType = "com.apple.product-type.bundle.unit-test";
		};
		13B07F861A680F5B00A75B9A /* XinChao */ = {
			isa = PBXNativeTarget;
			buildConfigurationList = 13B07F931A680F5B00A75B9A /* Build configuration list for PBXNativeTarget "XinChao" */;
			buildPhases = (
				FD10A7F022414F080027D42C /* Start Packager */,
				13B07F871A680F5B00A75B9A /* Sources */,
				13B07F8C1A680F5B00A75B9A /* Frameworks */,
				13B07F8E1A680F5B00A75B9A /* Resources */,
				00DD1BFF1BD5951E006B06BC /* Bundle React Native code and images */,
			);
			buildRules = (
			);
			dependencies = (
			);
			name = XinChao;
			productName = XinChao;
			productReference = 13B07F961A680F5B00A75B9A /* XinChao.app */;
			productType = "com.apple.product-type.application";
		};
		2D02E47A1E0B4A5D006451C7 /* XinChao-tvOS */ = {
			isa = PBXNativeTarget;
			buildConfigurationList = 2D02E4BA1E0B4A5E006451C7 /* Build configuration list for PBXNativeTarget "XinChao-tvOS" */;
			buildPhases = (
				FD10A7F122414F3F0027D42C /* Start Packager */,
				2D02E4771E0B4A5D006451C7 /* Sources */,
				2D02E4781E0B4A5D006451C7 /* Frameworks */,
				2D02E4791E0B4A5D006451C7 /* Resources */,
				2D02E4CB1E0B4B27006451C7 /* Bundle React Native Code And Images */,
			);
			buildRules = (
			);
			dependencies = (
			);
			name = "XinChao-tvOS";
			productName = "XinChao-tvOS";
			productReference = 2D02E47B1E0B4A5D006451C7 /* XinChao-tvOS.app */;
			productType = "com.apple.product-type.application";
		};
		2D02E48F1E0B4A5D006451C7 /* XinChao-tvOSTests */ = {
			isa = PBXNativeTarget;
			buildConfigurationList = 2D02E4BB1E0B4A5E006451C7 /* Build configuration list for PBXNativeTarget "XinChao-tvOSTests" */;
			buildPhases = (
				2D02E48C1E0B4A5D006451C7 /* Sources */,
				2D02E48D1E0B4A5D006451C7 /* Frameworks */,
				2D02E48E1E0B4A5D006451C7 /* Resources */,
			);
			buildRules = (
			);
			dependencies = (
				2D02E4921E0B4A5D006451C7 /* PBXTargetDependency */,
			);
			name = "XinChao-tvOSTests";
			productName = "XinChao-tvOSTests";
			productReference = 2D02E4901E0B4A5D006451C7 /* XinChao-tvOSTests.xctest */;
			productType = "com.apple.product-type.bundle.unit-test";
		};
/* End PBXNativeTarget section */

/* Begin PBXProject section */
		83CBB9F71A601CBA00E9B192 /* Project object */ = {
			isa = PBXProject;
			attributes = {
				LastUpgradeCheck = 1130;
				TargetAttributes = {
					00E356ED1AD99517003FC87E = {
						CreatedOnToolsVersion = 6.2;
						TestTargetID = 13B07F861A680F5B00A75B9A;
					};
					13B07F861A680F5B00A75B9A = {
						LastSwiftMigration = 1120;
					};
					2D02E47A1E0B4A5D006451C7 = {
						CreatedOnToolsVersion = 8.2.1;
						ProvisioningStyle = Automatic;
					};
					2D02E48F1E0B4A5D006451C7 = {
						CreatedOnToolsVersion = 8.2.1;
						ProvisioningStyle = Automatic;
						TestTargetID = 2D02E47A1E0B4A5D006451C7;
					};
				};
			};
			buildConfigurationList = 83CBB9FA1A601CBA00E9B192 /* Build configuration list for PBXProject "XinChao" */;
			compatibilityVersion = "Xcode 3.2";
			developmentRegion = en;
			hasScannedForEncodings = 0;
			knownRegions = (
				en,
				Base,
			);
			mainGroup = 83CBB9F61A601CBA00E9B192;
			productRefGroup = 83CBBA001A601CBA00E9B192 /* Products */;
			projectDirPath = "";
			projectRoot = "";
			targets = (
				13B07F861A680F5B00A75B9A /* XinChao */,
				00E356ED1AD99517003FC87E /* XinChaoTests */,
				2D02E47A1E0B4A5D006451C7 /* XinChao-tvOS */,
				2D02E48F1E0B4A5D006451C7 /* XinChao-tvOSTests */,
			);
		};
/* End PBXProject section */

/* Begin PBXResourcesBuildPhase section */
		00E356EC1AD99517003FC87E /* Resources */ = {
			isa = PBXResourcesBuildPhase;
			buildActionMask = 2147483647;
			files = (
			);
			runOnlyForDeploymentPostprocessing = 0;
		};
		13B07F8E1A680F5B00A75B9A /* Resources */ = {
			isa = PBXResourcesBuildPhase;
			buildActionMask = 2147483647;
			files = (
				81AB9BB82411601600AC10FF /* LaunchScreen.storyboard in Resources */,
				13B07FBF1A68108700A75B9A /* Images.xcassets in Resources */,
				EFC4E211C7CE4CA49625AABC /* AntDesign.ttf in Resources */,
				63C6C84321EB4EC39A1A963D /* Entypo.ttf in Resources */,
				5BDAFE13653F4A80B1C726C7 /* EvilIcons.ttf in Resources */,
				8418CFF9CA6A47678FDC317E /* Feather.ttf in Resources */,
				1319EA2850BC42D293D89DBB /* FontAwesome.ttf in Resources */,
				A863C74250D24B68B89C1DF4 /* FontAwesome5_Brands.ttf in Resources */,
				04B33314C84B4F16971D7084 /* FontAwesome5_Regular.ttf in Resources */,
				9873AB65F1CF40EC96054BD7 /* FontAwesome5_Solid.ttf in Resources */,
				9D28A03E7EB54FEC8D37D197 /* Fontisto.ttf in Resources */,
				EC4676DA84894133BCF91952 /* Foundation.ttf in Resources */,
				EB0D7732006A4695AC3EF7C8 /* Ionicons.ttf in Resources */,
				D0C9EA6DB65645398A6BF20A /* MaterialCommunityIcons.ttf in Resources */,
				A48ACC9BC60F4E5BB8D5545E /* MaterialIcons.ttf in Resources */,
				9EEE1AEF0E9F4F73BADD1860 /* Octicons.ttf in Resources */,
				72805E5F6CAD42F8A3161936 /* SimpleLineIcons.ttf in Resources */,
				C7913DEF7CF841EC96B0F0C5 /* Zocial.ttf in Resources */,
				8FE79FC05C634547847A7FC4 /* HKGrotesk-Black.otf in Resources */,
				FC73D19360584B4DB6F0E0C5 /* HKGrotesk-Bold.otf in Resources */,
				0142F50944064DDAAEB14151 /* HKGrotesk-BoldItalic.otf in Resources */,
				A574A24CBE7841F08E157DEE /* HKGrotesk-BoldLegacy.otf in Resources */,
				4BF2F550B33B40E782E0F756 /* HKGrotesk-BoldLegacyItalic.otf in Resources */,
				1382C798189A4E3383A5A5AF /* HKGrotesk-ExtraBold.otf in Resources */,
				F5C4D54254AC464DA377D2F0 /* HKGrotesk-Italic.otf in Resources */,
				F68373094AB1481A9F12C331 /* HKGrotesk-LegacyItalic.otf in Resources */,
				2FF87D4E26A546719C0DE7A6 /* HKGrotesk-Light.otf in Resources */,
				00FE1C74F98F485EBBD51609 /* HKGrotesk-LightItalic.otf in Resources */,
				067A53A125DE4697A7F453E8 /* HKGrotesk-LightLegacy.otf in Resources */,
				362066C05AE743D0A75F503D /* HKGrotesk-LightLegacyItalic.otf in Resources */,
				B918E29E603D40EFA7611D3D /* HKGrotesk-Medium.otf in Resources */,
				772DFFBC25E742519E4DC239 /* HKGrotesk-MediumItalic.otf in Resources */,
				2EDA6D6F44594663A5F8D4FB /* HKGrotesk-MediumLegacy.otf in Resources */,
				A0C91D9DF5254599B87F8186 /* HKGrotesk-MediumLegacyItalic.otf in Resources */,
				9EE6645177B542AF98EB2C47 /* HKGrotesk-Regular.otf in Resources */,
				1D6C644CD34748BB9D20C80B /* HKGrotesk-RegularLegacy.otf in Resources */,
				6A8DA29FA9DE474298992F65 /* HKGrotesk-SemiBold.otf in Resources */,
				D3FD1092C6FF43979C1032B4 /* HKGrotesk-SemiBoldItalic.otf in Resources */,
				96899C4312B8413CA72AAD70 /* HKGrotesk-SemiBoldLegacy.otf in Resources */,
				651FA151C2E748A0A5CE75F8 /* HKGrotesk-SemiBoldLegacyItalic.otf in Resources */,
				7B4A65A5C5334B98A04D557C /* Lora-Bold.ttf in Resources */,
				FB0859ADB31049E1AB99AE88 /* Lora-BoldItalic.ttf in Resources */,
				20CA5EFEEBEF4B0892070014 /* Lora-Italic.ttf in Resources */,
				4816C894F672492ABF4012A8 /* Lora-Medium.ttf in Resources */,
				B8389894BDFA445C93CC4BF9 /* Lora-MediumItalic.ttf in Resources */,
				0947F5FD91FA4067BC8A467C /* Lora-Regular.ttf in Resources */,
				F55CD0A5FBB345538A7D9B62 /* Lora-SemiBold.ttf in Resources */,
				E384EA80FEEE474BA012704D /* Lora-SemiBoldItalic.ttf in Resources */,
			);
			runOnlyForDeploymentPostprocessing = 0;
		};
		2D02E4791E0B4A5D006451C7 /* Resources */ = {
			isa = PBXResourcesBuildPhase;
			buildActionMask = 2147483647;
			files = (
				2D02E4BD1E0B4A84006451C7 /* Images.xcassets in Resources */,
			);
			runOnlyForDeploymentPostprocessing = 0;
		};
		2D02E48E1E0B4A5D006451C7 /* Resources */ = {
			isa = PBXResourcesBuildPhase;
			buildActionMask = 2147483647;
			files = (
			);
			runOnlyForDeploymentPostprocessing = 0;
		};
/* End PBXResourcesBuildPhase section */

/* Begin PBXShellScriptBuildPhase section */
		00DD1BFF1BD5951E006B06BC /* Bundle React Native code and images */ = {
			isa = PBXShellScriptBuildPhase;
			buildActionMask = 2147483647;
			files = (
			);
			inputPaths = (
			);
			name = "Bundle React Native code and images";
			outputPaths = (
			);
			runOnlyForDeploymentPostprocessing = 0;
			shellPath = /bin/sh;
			shellScript = "export NODE_BINARY=node\n../node_modules/react-native/scripts/react-native-xcode.sh";
		};
		2D02E4CB1E0B4B27006451C7 /* Bundle React Native Code And Images */ = {
			isa = PBXShellScriptBuildPhase;
			buildActionMask = 2147483647;
			files = (
			);
			inputPaths = (
			);
			name = "Bundle React Native Code And Images";
			outputPaths = (
			);
			runOnlyForDeploymentPostprocessing = 0;
			shellPath = /bin/sh;
			shellScript = "export NODE_BINARY=node\n../node_modules/react-native/scripts/react-native-xcode.sh";
		};
		FD10A7F022414F080027D42C /* Start Packager */ = {
			isa = PBXShellScriptBuildPhase;
			buildActionMask = 2147483647;
			files = (
			);
			inputFileListPaths = (
			);
			inputPaths = (
			);
			name = "Start Packager";
			outputFileListPaths = (
			);
			outputPaths = (
			);
			runOnlyForDeploymentPostprocessing = 0;
			shellPath = /bin/sh;
			shellScript = "export RCT_METRO_PORT=\"${RCT_METRO_PORT:=8081}\"\necho \"export RCT_METRO_PORT=${RCT_METRO_PORT}\" > \"${SRCROOT}/../node_modules/react-native/scripts/.packager.env\"\nif [ -z \"${RCT_NO_LAUNCH_PACKAGER+xxx}\" ] ; then\n  if nc -w 5 -z localhost ${RCT_METRO_PORT} ; then\n    if ! curl -s \"http://localhost:${RCT_METRO_PORT}/status\" | grep -q \"packager-status:running\" ; then\n      echo \"Port ${RCT_METRO_PORT} already in use, packager is either not running or not running correctly\"\n      exit 2\n    fi\n  else\n    open \"$SRCROOT/../node_modules/react-native/scripts/launchPackager.command\" || echo \"Can't start packager automatically\"\n  fi\nfi\n";
			showEnvVarsInLog = 0;
		};
		FD10A7F122414F3F0027D42C /* Start Packager */ = {
			isa = PBXShellScriptBuildPhase;
			buildActionMask = 2147483647;
			files = (
			);
			inputFileListPaths = (
			);
			inputPaths = (
			);
			name = "Start Packager";
			outputFileListPaths = (
			);
			outputPaths = (
			);
			runOnlyForDeploymentPostprocessing = 0;
			shellPath = /bin/sh;
			shellScript = "export RCT_METRO_PORT=\"${RCT_METRO_PORT:=8081}\"\necho \"export RCT_METRO_PORT=${RCT_METRO_PORT}\" > \"${SRCROOT}/../node_modules/react-native/scripts/.packager.env\"\nif [ -z \"${RCT_NO_LAUNCH_PACKAGER+xxx}\" ] ; then\n  if nc -w 5 -z localhost ${RCT_METRO_PORT} ; then\n    if ! curl -s \"http://localhost:${RCT_METRO_PORT}/status\" | grep -q \"packager-status:running\" ; then\n      echo \"Port ${RCT_METRO_PORT} already in use, packager is either not running or not running correctly\"\n      exit 2\n    fi\n  else\n    open \"$SRCROOT/../node_modules/react-native/scripts/launchPackager.command\" || echo \"Can't start packager automatically\"\n  fi\nfi\n";
			showEnvVarsInLog = 0;
		};
/* End PBXShellScriptBuildPhase section */

/* Begin PBXSourcesBuildPhase section */
		00E356EA1AD99517003FC87E /* Sources */ = {
			isa = PBXSourcesBuildPhase;
			buildActionMask = 2147483647;
			files = (
				00E356F31AD99517003FC87E /* XinChaoTests.m in Sources */,
			);
			runOnlyForDeploymentPostprocessing = 0;
		};
		13B07F871A680F5B00A75B9A /* Sources */ = {
			isa = PBXSourcesBuildPhase;
			buildActionMask = 2147483647;
			files = (
				13B07FBC1A68108700A75B9A /* AppDelegate.m in Sources */,
				13B07FC11A68108700A75B9A /* main.m in Sources */,
			);
			runOnlyForDeploymentPostprocessing = 0;
		};
		2D02E4771E0B4A5D006451C7 /* Sources */ = {
			isa = PBXSourcesBuildPhase;
			buildActionMask = 2147483647;
			files = (
				2D02E4BF1E0B4AB3006451C7 /* main.m in Sources */,
				2D02E4BC1E0B4A80006451C7 /* AppDelegate.m in Sources */,
			);
			runOnlyForDeploymentPostprocessing = 0;
		};
		2D02E48C1E0B4A5D006451C7 /* Sources */ = {
			isa = PBXSourcesBuildPhase;
			buildActionMask = 2147483647;
			files = (
				2DCD954D1E0B4F2C00145EB5 /* XinChaoTests.m in Sources */,
			);
			runOnlyForDeploymentPostprocessing = 0;
		};
/* End PBXSourcesBuildPhase section */

/* Begin PBXTargetDependency section */
		00E356F51AD99517003FC87E /* PBXTargetDependency */ = {
			isa = PBXTargetDependency;
			target = 13B07F861A680F5B00A75B9A /* XinChao */;
			targetProxy = 00E356F41AD99517003FC87E /* PBXContainerItemProxy */;
		};
		2D02E4921E0B4A5D006451C7 /* PBXTargetDependency */ = {
			isa = PBXTargetDependency;
			target = 2D02E47A1E0B4A5D006451C7 /* XinChao-tvOS */;
			targetProxy = 2D02E4911E0B4A5D006451C7 /* PBXContainerItemProxy */;
		};
/* End PBXTargetDependency section */

/* Begin XCBuildConfiguration section */
		00E356F61AD99517003FC87E /* Debug */ = {
			isa = XCBuildConfiguration;
			buildSettings = {
				BUNDLE_LOADER = "$(TEST_HOST)";
				GCC_PREPROCESSOR_DEFINITIONS = (
					"DEBUG=1",
					"$(inherited)",
				);
				INFOPLIST_FILE = XinChaoTests/Info.plist;
				IPHONEOS_DEPLOYMENT_TARGET = 10.0;
				LD_RUNPATH_SEARCH_PATHS = "$(inherited) @executable_path/Frameworks @loader_path/Frameworks";
				OTHER_LDFLAGS = (
					"-ObjC",
					"-lc++",
					"$(inherited)",
				);
				PRODUCT_BUNDLE_IDENTIFIER = "org.reactjs.native.example.$(PRODUCT_NAME:rfc1034identifier)";
				PRODUCT_NAME = "$(TARGET_NAME)";
				TEST_HOST = "$(BUILT_PRODUCTS_DIR)/XinChao.app/XinChao";
			};
			name = Debug;
		};
		00E356F71AD99517003FC87E /* Release */ = {
			isa = XCBuildConfiguration;
			buildSettings = {
				BUNDLE_LOADER = "$(TEST_HOST)";
				COPY_PHASE_STRIP = NO;
				INFOPLIST_FILE = XinChaoTests/Info.plist;
				IPHONEOS_DEPLOYMENT_TARGET = 10.0;
				LD_RUNPATH_SEARCH_PATHS = "$(inherited) @executable_path/Frameworks @loader_path/Frameworks";
				OTHER_LDFLAGS = (
					"-ObjC",
					"-lc++",
					"$(inherited)",
				);
				PRODUCT_BUNDLE_IDENTIFIER = "org.reactjs.native.example.$(PRODUCT_NAME:rfc1034identifier)";
				PRODUCT_NAME = "$(TARGET_NAME)";
				TEST_HOST = "$(BUILT_PRODUCTS_DIR)/XinChao.app/XinChao";
			};
			name = Release;
		};
		13B07F941A680F5B00A75B9A /* Debug */ = {
			isa = XCBuildConfiguration;
			buildSettings = {
				ASSETCATALOG_COMPILER_APPICON_NAME = AppIcon;
				CLANG_ENABLE_MODULES = YES;
				CURRENT_PROJECT_VERSION = 1;
				ENABLE_BITCODE = NO;
				INFOPLIST_FILE = XinChao/Info.plist;
				LD_RUNPATH_SEARCH_PATHS = "$(inherited) @executable_path/Frameworks";
				OTHER_LDFLAGS = (
					"$(inherited)",
					"-ObjC",
					"-lc++",
				);
				PRODUCT_BUNDLE_IDENTIFIER = "org.reactjs.native.example.$(PRODUCT_NAME:rfc1034identifier)";
				PRODUCT_NAME = XinChao;
				SWIFT_OPTIMIZATION_LEVEL = "-Onone";
				SWIFT_VERSION = 5.0;
				VERSIONING_SYSTEM = "apple-generic";
			};
			name = Debug;
		};
		13B07F951A680F5B00A75B9A /* Release */ = {
			isa = XCBuildConfiguration;
			buildSettings = {
				ASSETCATALOG_COMPILER_APPICON_NAME = AppIcon;
				CLANG_ENABLE_MODULES = YES;
				CURRENT_PROJECT_VERSION = 1;
				INFOPLIST_FILE = XinChao/Info.plist;
				LD_RUNPATH_SEARCH_PATHS = "$(inherited) @executable_path/Frameworks";
				OTHER_LDFLAGS = (
					"$(inherited)",
					"-ObjC",
					"-lc++",
				);
				PRODUCT_BUNDLE_IDENTIFIER = "org.reactjs.native.example.$(PRODUCT_NAME:rfc1034identifier)";
				PRODUCT_NAME = XinChao;
				SWIFT_VERSION = 5.0;
				VERSIONING_SYSTEM = "apple-generic";
			};
			name = Release;
		};
		2D02E4971E0B4A5E006451C7 /* Debug */ = {
			isa = XCBuildConfiguration;
			buildSettings = {
				ASSETCATALOG_COMPILER_APPICON_NAME = "App Icon & Top Shelf Image";
				ASSETCATALOG_COMPILER_LAUNCHIMAGE_NAME = LaunchImage;
				CLANG_ANALYZER_NONNULL = YES;
				CLANG_WARN_DOCUMENTATION_COMMENTS = YES;
				CLANG_WARN_INFINITE_RECURSION = YES;
				CLANG_WARN_SUSPICIOUS_MOVE = YES;
				DEBUG_INFORMATION_FORMAT = dwarf;
				ENABLE_TESTABILITY = YES;
				GCC_NO_COMMON_BLOCKS = YES;
				INFOPLIST_FILE = "XinChao-tvOS/Info.plist";
				LD_RUNPATH_SEARCH_PATHS = "$(inherited) @executable_path/Frameworks";
				OTHER_LDFLAGS = (
					"$(inherited)",
					"-ObjC",
					"-lc++",
				);
				PRODUCT_BUNDLE_IDENTIFIER = "org.reactjs.native.example.XinChao-tvOS";
				PRODUCT_NAME = "$(TARGET_NAME)";
				SDKROOT = appletvos;
				TARGETED_DEVICE_FAMILY = 3;
				TVOS_DEPLOYMENT_TARGET = 10.0;
			};
			name = Debug;
		};
		2D02E4981E0B4A5E006451C7 /* Release */ = {
			isa = XCBuildConfiguration;
			buildSettings = {
				ASSETCATALOG_COMPILER_APPICON_NAME = "App Icon & Top Shelf Image";
				ASSETCATALOG_COMPILER_LAUNCHIMAGE_NAME = LaunchImage;
				CLANG_ANALYZER_NONNULL = YES;
				CLANG_WARN_DOCUMENTATION_COMMENTS = YES;
				CLANG_WARN_INFINITE_RECURSION = YES;
				CLANG_WARN_SUSPICIOUS_MOVE = YES;
				COPY_PHASE_STRIP = NO;
				DEBUG_INFORMATION_FORMAT = "dwarf-with-dsym";
				GCC_NO_COMMON_BLOCKS = YES;
				INFOPLIST_FILE = "XinChao-tvOS/Info.plist";
				LD_RUNPATH_SEARCH_PATHS = "$(inherited) @executable_path/Frameworks";
				OTHER_LDFLAGS = (
					"$(inherited)",
					"-ObjC",
					"-lc++",
				);
				PRODUCT_BUNDLE_IDENTIFIER = "org.reactjs.native.example.XinChao-tvOS";
				PRODUCT_NAME = "$(TARGET_NAME)";
				SDKROOT = appletvos;
				TARGETED_DEVICE_FAMILY = 3;
				TVOS_DEPLOYMENT_TARGET = 10.0;
			};
			name = Release;
		};
		2D02E4991E0B4A5E006451C7 /* Debug */ = {
			isa = XCBuildConfiguration;
			buildSettings = {
				BUNDLE_LOADER = "$(TEST_HOST)";
				CLANG_ANALYZER_NONNULL = YES;
				CLANG_WARN_DOCUMENTATION_COMMENTS = YES;
				CLANG_WARN_INFINITE_RECURSION = YES;
				CLANG_WARN_SUSPICIOUS_MOVE = YES;
				DEBUG_INFORMATION_FORMAT = dwarf;
				ENABLE_TESTABILITY = YES;
				GCC_NO_COMMON_BLOCKS = YES;
				INFOPLIST_FILE = "XinChao-tvOSTests/Info.plist";
				LD_RUNPATH_SEARCH_PATHS = "$(inherited) @executable_path/Frameworks @loader_path/Frameworks";
				OTHER_LDFLAGS = (
					"$(inherited)",
					"-ObjC",
					"-lc++",
				);
				PRODUCT_BUNDLE_IDENTIFIER = "org.reactjs.native.example.XinChao-tvOSTests";
				PRODUCT_NAME = "$(TARGET_NAME)";
				SDKROOT = appletvos;
				TEST_HOST = "$(BUILT_PRODUCTS_DIR)/XinChao-tvOS.app/XinChao-tvOS";
				TVOS_DEPLOYMENT_TARGET = 10.1;
			};
			name = Debug;
		};
		2D02E49A1E0B4A5E006451C7 /* Release */ = {
			isa = XCBuildConfiguration;
			buildSettings = {
				BUNDLE_LOADER = "$(TEST_HOST)";
				CLANG_ANALYZER_NONNULL = YES;
				CLANG_WARN_DOCUMENTATION_COMMENTS = YES;
				CLANG_WARN_INFINITE_RECURSION = YES;
				CLANG_WARN_SUSPICIOUS_MOVE = YES;
				COPY_PHASE_STRIP = NO;
				DEBUG_INFORMATION_FORMAT = "dwarf-with-dsym";
				GCC_NO_COMMON_BLOCKS = YES;
				INFOPLIST_FILE = "XinChao-tvOSTests/Info.plist";
				LD_RUNPATH_SEARCH_PATHS = "$(inherited) @executable_path/Frameworks @loader_path/Frameworks";
				OTHER_LDFLAGS = (
					"$(inherited)",
					"-ObjC",
					"-lc++",
				);
				PRODUCT_BUNDLE_IDENTIFIER = "org.reactjs.native.example.XinChao-tvOSTests";
				PRODUCT_NAME = "$(TARGET_NAME)";
				SDKROOT = appletvos;
				TEST_HOST = "$(BUILT_PRODUCTS_DIR)/XinChao-tvOS.app/XinChao-tvOS";
				TVOS_DEPLOYMENT_TARGET = 10.1;
			};
			name = Release;
		};
		83CBBA201A601CBA00E9B192 /* Debug */ = {
			isa = XCBuildConfiguration;
			buildSettings = {
				ALWAYS_SEARCH_USER_PATHS = NO;
				CLANG_ANALYZER_LOCALIZABILITY_NONLOCALIZED = YES;
				CLANG_CXX_LANGUAGE_STANDARD = "gnu++0x";
				CLANG_CXX_LIBRARY = "libc++";
				CLANG_ENABLE_MODULES = YES;
				CLANG_ENABLE_OBJC_ARC = YES;
				CLANG_WARN_BLOCK_CAPTURE_AUTORELEASING = YES;
				CLANG_WARN_BOOL_CONVERSION = YES;
				CLANG_WARN_COMMA = YES;
				CLANG_WARN_CONSTANT_CONVERSION = YES;
				CLANG_WARN_DEPRECATED_OBJC_IMPLEMENTATIONS = YES;
				CLANG_WARN_DIRECT_OBJC_ISA_USAGE = YES_ERROR;
				CLANG_WARN_EMPTY_BODY = YES;
				CLANG_WARN_ENUM_CONVERSION = YES;
				CLANG_WARN_INFINITE_RECURSION = YES;
				CLANG_WARN_INT_CONVERSION = YES;
				CLANG_WARN_NON_LITERAL_NULL_CONVERSION = YES;
				CLANG_WARN_OBJC_IMPLICIT_RETAIN_SELF = YES;
				CLANG_WARN_OBJC_LITERAL_CONVERSION = YES;
				CLANG_WARN_OBJC_ROOT_CLASS = YES_ERROR;
				CLANG_WARN_RANGE_LOOP_ANALYSIS = YES;
				CLANG_WARN_STRICT_PROTOTYPES = YES;
				CLANG_WARN_SUSPICIOUS_MOVE = YES;
				CLANG_WARN_UNREACHABLE_CODE = YES;
				CLANG_WARN__DUPLICATE_METHOD_MATCH = YES;
				"CODE_SIGN_IDENTITY[sdk=iphoneos*]" = "iPhone Developer";
				COPY_PHASE_STRIP = NO;
				ENABLE_STRICT_OBJC_MSGSEND = YES;
				ENABLE_TESTABILITY = YES;
				GCC_C_LANGUAGE_STANDARD = gnu99;
				GCC_DYNAMIC_NO_PIC = NO;
				GCC_NO_COMMON_BLOCKS = YES;
				GCC_OPTIMIZATION_LEVEL = 0;
				GCC_PREPROCESSOR_DEFINITIONS = (
					"DEBUG=1",
					"$(inherited)",
				);
				GCC_SYMBOLS_PRIVATE_EXTERN = NO;
				GCC_WARN_64_TO_32_BIT_CONVERSION = YES;
				GCC_WARN_ABOUT_RETURN_TYPE = YES_ERROR;
				GCC_WARN_UNDECLARED_SELECTOR = YES;
				GCC_WARN_UNINITIALIZED_AUTOS = YES_AGGRESSIVE;
				GCC_WARN_UNUSED_FUNCTION = YES;
				GCC_WARN_UNUSED_VARIABLE = YES;
				IPHONEOS_DEPLOYMENT_TARGET = 10.0;
				LD_RUNPATH_SEARCH_PATHS = "/usr/lib/swift $(inherited)";
				LIBRARY_SEARCH_PATHS = (
					"\"$(TOOLCHAIN_DIR)/usr/lib/swift/$(PLATFORM_NAME)\"",
					"\"$(TOOLCHAIN_DIR)/usr/lib/swift-5.0/$(PLATFORM_NAME)\"",
					"\"$(inherited)\"",
				);
				MTL_ENABLE_DEBUG_INFO = YES;
				ONLY_ACTIVE_ARCH = YES;
				SDKROOT = iphoneos;
			};
			name = Debug;
		};
		83CBBA211A601CBA00E9B192 /* Release */ = {
			isa = XCBuildConfiguration;
			buildSettings = {
				ALWAYS_SEARCH_USER_PATHS = NO;
				CLANG_ANALYZER_LOCALIZABILITY_NONLOCALIZED = YES;
				CLANG_CXX_LANGUAGE_STANDARD = "gnu++0x";
				CLANG_CXX_LIBRARY = "libc++";
				CLANG_ENABLE_MODULES = YES;
				CLANG_ENABLE_OBJC_ARC = YES;
				CLANG_WARN_BLOCK_CAPTURE_AUTORELEASING = YES;
				CLANG_WARN_BOOL_CONVERSION = YES;
				CLANG_WARN_COMMA = YES;
				CLANG_WARN_CONSTANT_CONVERSION = YES;
				CLANG_WARN_DEPRECATED_OBJC_IMPLEMENTATIONS = YES;
				CLANG_WARN_DIRECT_OBJC_ISA_USAGE = YES_ERROR;
				CLANG_WARN_EMPTY_BODY = YES;
				CLANG_WARN_ENUM_CONVERSION = YES;
				CLANG_WARN_INFINITE_RECURSION = YES;
				CLANG_WARN_INT_CONVERSION = YES;
				CLANG_WARN_NON_LITERAL_NULL_CONVERSION = YES;
				CLANG_WARN_OBJC_IMPLICIT_RETAIN_SELF = YES;
				CLANG_WARN_OBJC_LITERAL_CONVERSION = YES;
				CLANG_WARN_OBJC_ROOT_CLASS = YES_ERROR;
				CLANG_WARN_RANGE_LOOP_ANALYSIS = YES;
				CLANG_WARN_STRICT_PROTOTYPES = YES;
				CLANG_WARN_SUSPICIOUS_MOVE = YES;
				CLANG_WARN_UNREACHABLE_CODE = YES;
				CLANG_WARN__DUPLICATE_METHOD_MATCH = YES;
				"CODE_SIGN_IDENTITY[sdk=iphoneos*]" = "iPhone Developer";
				COPY_PHASE_STRIP = YES;
				ENABLE_NS_ASSERTIONS = NO;
				ENABLE_STRICT_OBJC_MSGSEND = YES;
				GCC_C_LANGUAGE_STANDARD = gnu99;
				GCC_NO_COMMON_BLOCKS = YES;
				GCC_WARN_64_TO_32_BIT_CONVERSION = YES;
				GCC_WARN_ABOUT_RETURN_TYPE = YES_ERROR;
				GCC_WARN_UNDECLARED_SELECTOR = YES;
				GCC_WARN_UNINITIALIZED_AUTOS = YES_AGGRESSIVE;
				GCC_WARN_UNUSED_FUNCTION = YES;
				GCC_WARN_UNUSED_VARIABLE = YES;
				IPHONEOS_DEPLOYMENT_TARGET = 10.0;
				LD_RUNPATH_SEARCH_PATHS = "/usr/lib/swift $(inherited)";
				LIBRARY_SEARCH_PATHS = (
					"\"$(TOOLCHAIN_DIR)/usr/lib/swift/$(PLATFORM_NAME)\"",
					"\"$(TOOLCHAIN_DIR)/usr/lib/swift-5.0/$(PLATFORM_NAME)\"",
					"\"$(inherited)\"",
				);
				MTL_ENABLE_DEBUG_INFO = NO;
				SDKROOT = iphoneos;
				VALIDATE_PRODUCT = YES;
			};
			name = Release;
		};
/* End XCBuildConfiguration section */

/* Begin XCConfigurationList section */
		00E357021AD99517003FC87E /* Build configuration list for PBXNativeTarget "XinChaoTests" */ = {
			isa = XCConfigurationList;
			buildConfigurations = (
				00E356F61AD99517003FC87E /* Debug */,
				00E356F71AD99517003FC87E /* Release */,
			);
			defaultConfigurationIsVisible = 0;
			defaultConfigurationName = Release;
		};
		13B07F931A680F5B00A75B9A /* Build configuration list for PBXNativeTarget "XinChao" */ = {
			isa = XCConfigurationList;
			buildConfigurations = (
				13B07F941A680F5B00A75B9A /* Debug */,
				13B07F951A680F5B00A75B9A /* Release */,
			);
			defaultConfigurationIsVisible = 0;
			defaultConfigurationName = Release;
		};
		2D02E4BA1E0B4A5E006451C7 /* Build configuration list for PBXNativeTarget "XinChao-tvOS" */ = {
			isa = XCConfigurationList;
			buildConfigurations = (
				2D02E4971E0B4A5E006451C7 /* Debug */,
				2D02E4981E0B4A5E006451C7 /* Release */,
			);
			defaultConfigurationIsVisible = 0;
			defaultConfigurationName = Release;
		};
		2D02E4BB1E0B4A5E006451C7 /* Build configuration list for PBXNativeTarget "XinChao-tvOSTests" */ = {
			isa = XCConfigurationList;
			buildConfigurations = (
				2D02E4991E0B4A5E006451C7 /* Debug */,
				2D02E49A1E0B4A5E006451C7 /* Release */,
			);
			defaultConfigurationIsVisible = 0;
			defaultConfigurationName = Release;
		};
		83CBB9FA1A601CBA00E9B192 /* Build configuration list for PBXProject "XinChao" */ = {
			isa = XCConfigurationList;
			buildConfigurations = (
				83CBBA201A601CBA00E9B192 /* Debug */,
				83CBBA211A601CBA00E9B192 /* Release */,
			);
			defaultConfigurationIsVisible = 0;
			defaultConfigurationName = Release;
		};
/* End XCConfigurationList section */
	};
	rootObject = 83CBB9F71A601CBA00E9B192 /* Project object */;
}
